// !$*UTF8*$!
{
	archiveVersion = 1;
	classes = {
	};
	objectVersion = 55;
	objects = {

/* Begin PBXBuildFile section */
		790B92F628408218002B6A92 /* ProfileTableViewCell.swift in Sources */ = {isa = PBXBuildFile; fileRef = 790B92F528408218002B6A92 /* ProfileTableViewCell.swift */; };
		79B1937E283DBE050055AAB7 /* BreedSelectViewController.swift in Sources */ = {isa = PBXBuildFile; fileRef = 79B1937D283DBE050055AAB7 /* BreedSelectViewController.swift */; };
		79B19380283DBEB60055AAB7 /* CategorySelectViewController.swift in Sources */ = {isa = PBXBuildFile; fileRef = 79B1937F283DBEB60055AAB7 /* CategorySelectViewController.swift */; };
		BA8D857E283D807C004CBC16 /* AppDelegate.swift in Sources */ = {isa = PBXBuildFile; fileRef = BA8D857D283D807C004CBC16 /* AppDelegate.swift */; };
		BA8D8580283D807C004CBC16 /* SceneDelegate.swift in Sources */ = {isa = PBXBuildFile; fileRef = BA8D857F283D807C004CBC16 /* SceneDelegate.swift */; };
		BA8D8582283D807C004CBC16 /* ViewController.swift in Sources */ = {isa = PBXBuildFile; fileRef = BA8D8581283D807C004CBC16 /* ViewController.swift */; };
		BA8D8585283D807C004CBC16 /* Main.storyboard in Resources */ = {isa = PBXBuildFile; fileRef = BA8D8583283D807C004CBC16 /* Main.storyboard */; };
		BA8D8587283D807D004CBC16 /* Assets.xcassets in Resources */ = {isa = PBXBuildFile; fileRef = BA8D8586283D807D004CBC16 /* Assets.xcassets */; };
		BA8D858A283D807D004CBC16 /* LaunchScreen.storyboard in Resources */ = {isa = PBXBuildFile; fileRef = BA8D8588283D807D004CBC16 /* LaunchScreen.storyboard */; };
		BA8D8592283D80CC004CBC16 /* GoogleService-Info.plist in Resources */ = {isa = PBXBuildFile; fileRef = BA8D8591283D80CC004CBC16 /* GoogleService-Info.plist */; };
		BA8D8596283D8130004CBC16 /* FirebaseAuth in Frameworks */ = {isa = PBXBuildFile; productRef = BA8D8595283D8130004CBC16 /* FirebaseAuth */; };
		BA8D8598283D8130004CBC16 /* FirebaseFirestore in Frameworks */ = {isa = PBXBuildFile; productRef = BA8D8597283D8130004CBC16 /* FirebaseFirestore */; };
		BA8D859A283D8130004CBC16 /* FirebaseStorage in Frameworks */ = {isa = PBXBuildFile; productRef = BA8D8599283D8130004CBC16 /* FirebaseStorage */; };
		BAD28A3A283DA186009F6113 /* MatchViewController.swift in Sources */ = {isa = PBXBuildFile; fileRef = BAD28A39283DA186009F6113 /* MatchViewController.swift */; };
		BAD28A3C283DA887009F6113 /* MyProfileViewController.swift in Sources */ = {isa = PBXBuildFile; fileRef = BAD28A3B283DA887009F6113 /* MyProfileViewController.swift */; };
		BAD28A3E283DA89A009F6113 /* LikeListViewController.swift in Sources */ = {isa = PBXBuildFile; fileRef = BAD28A3D283DA89A009F6113 /* LikeListViewController.swift */; };
		BAD28A42283DA8C9009F6113 /* ViewOtherProfileViewController.swift in Sources */ = {isa = PBXBuildFile; fileRef = BAD28A41283DA8C9009F6113 /* ViewOtherProfileViewController.swift */; };
		BAD28A49283DD134009F6113 /* tabBarViewController.swift in Sources */ = {isa = PBXBuildFile; fileRef = BAD28A48283DD134009F6113 /* tabBarViewController.swift */; };
/* End PBXBuildFile section */

/* Begin PBXFileReference section */
		790B92F528408218002B6A92 /* ProfileTableViewCell.swift */ = {isa = PBXFileReference; lastKnownFileType = sourcecode.swift; path = ProfileTableViewCell.swift; sourceTree = "<group>"; };
		79B1937D283DBE050055AAB7 /* BreedSelectViewController.swift */ = {isa = PBXFileReference; lastKnownFileType = sourcecode.swift; path = BreedSelectViewController.swift; sourceTree = "<group>"; };
		79B1937F283DBEB60055AAB7 /* CategorySelectViewController.swift */ = {isa = PBXFileReference; lastKnownFileType = sourcecode.swift; path = CategorySelectViewController.swift; sourceTree = "<group>"; };
		BA8D857A283D807C004CBC16 /* PetMeet.app */ = {isa = PBXFileReference; explicitFileType = wrapper.application; includeInIndex = 0; path = PetMeet.app; sourceTree = BUILT_PRODUCTS_DIR; };
		BA8D857D283D807C004CBC16 /* AppDelegate.swift */ = {isa = PBXFileReference; lastKnownFileType = sourcecode.swift; path = AppDelegate.swift; sourceTree = "<group>"; };
		BA8D857F283D807C004CBC16 /* SceneDelegate.swift */ = {isa = PBXFileReference; lastKnownFileType = sourcecode.swift; path = SceneDelegate.swift; sourceTree = "<group>"; };
		BA8D8581283D807C004CBC16 /* ViewController.swift */ = {isa = PBXFileReference; lastKnownFileType = sourcecode.swift; path = ViewController.swift; sourceTree = "<group>"; };
		BA8D8584283D807C004CBC16 /* Base */ = {isa = PBXFileReference; lastKnownFileType = file.storyboard; name = Base; path = Base.lproj/Main.storyboard; sourceTree = "<group>"; };
		BA8D8586283D807D004CBC16 /* Assets.xcassets */ = {isa = PBXFileReference; lastKnownFileType = folder.assetcatalog; path = Assets.xcassets; sourceTree = "<group>"; };
		BA8D8589283D807D004CBC16 /* Base */ = {isa = PBXFileReference; lastKnownFileType = file.storyboard; name = Base; path = Base.lproj/LaunchScreen.storyboard; sourceTree = "<group>"; };
		BA8D858B283D807D004CBC16 /* Info.plist */ = {isa = PBXFileReference; lastKnownFileType = text.plist.xml; path = Info.plist; sourceTree = "<group>"; };
		BA8D8591283D80CC004CBC16 /* GoogleService-Info.plist */ = {isa = PBXFileReference; fileEncoding = 4; lastKnownFileType = text.plist.xml; path = "GoogleService-Info.plist"; sourceTree = "<group>"; };
		BA8D8593283D80D3004CBC16 /* PetMeetRelease.entitlements */ = {isa = PBXFileReference; lastKnownFileType = text.plist.entitlements; path = PetMeetRelease.entitlements; sourceTree = "<group>"; };
		BAD28A38283D9066009F6113 /* PetMeetDebug.entitlements */ = {isa = PBXFileReference; lastKnownFileType = text.plist.entitlements; path = PetMeetDebug.entitlements; sourceTree = "<group>"; };
		BAD28A39283DA186009F6113 /* MatchViewController.swift */ = {isa = PBXFileReference; lastKnownFileType = sourcecode.swift; path = MatchViewController.swift; sourceTree = "<group>"; };
		BAD28A3B283DA887009F6113 /* MyProfileViewController.swift */ = {isa = PBXFileReference; lastKnownFileType = sourcecode.swift; path = MyProfileViewController.swift; sourceTree = "<group>"; };
		BAD28A3D283DA89A009F6113 /* LikeListViewController.swift */ = {isa = PBXFileReference; lastKnownFileType = sourcecode.swift; path = LikeListViewController.swift; sourceTree = "<group>"; };
		BAD28A41283DA8C9009F6113 /* ViewOtherProfileViewController.swift */ = {isa = PBXFileReference; lastKnownFileType = sourcecode.swift; path = ViewOtherProfileViewController.swift; sourceTree = "<group>"; };
		BAD28A48283DD134009F6113 /* tabBarViewController.swift */ = {isa = PBXFileReference; lastKnownFileType = sourcecode.swift; path = tabBarViewController.swift; sourceTree = "<group>"; };
/* End PBXFileReference section */

/* Begin PBXFrameworksBuildPhase section */
		BA8D8577283D807C004CBC16 /* Frameworks */ = {
			isa = PBXFrameworksBuildPhase;
			buildActionMask = 2147483647;
			files = (
				BA8D8596283D8130004CBC16 /* FirebaseAuth in Frameworks */,
				BA8D8598283D8130004CBC16 /* FirebaseFirestore in Frameworks */,
				BA8D859A283D8130004CBC16 /* FirebaseStorage in Frameworks */,
			);
			runOnlyForDeploymentPostprocessing = 0;
		};
/* End PBXFrameworksBuildPhase section */

/* Begin PBXGroup section */
		BA8D8571283D807C004CBC16 = {
			isa = PBXGroup;
			children = (
				BA8D857C283D807C004CBC16 /* PetMeet */,
				BA8D857B283D807C004CBC16 /* Products */,
			);
			sourceTree = "<group>";
		};
		BA8D857B283D807C004CBC16 /* Products */ = {
			isa = PBXGroup;
			children = (
				BA8D857A283D807C004CBC16 /* PetMeet.app */,
			);
			name = Products;
			sourceTree = "<group>";
		};
		BA8D857C283D807C004CBC16 /* PetMeet */ = {
			isa = PBXGroup;
			children = (
				BAD28A38283D9066009F6113 /* PetMeetDebug.entitlements */,
				BA8D8593283D80D3004CBC16 /* PetMeetRelease.entitlements */,
				BA8D857D283D807C004CBC16 /* AppDelegate.swift */,
				BA8D857F283D807C004CBC16 /* SceneDelegate.swift */,
				BAD28A48283DD134009F6113 /* tabBarViewController.swift */,
				BA8D8581283D807C004CBC16 /* ViewController.swift */,
				BAD28A39283DA186009F6113 /* MatchViewController.swift */,
				BAD28A3B283DA887009F6113 /* MyProfileViewController.swift */,
				790B92F528408218002B6A92 /* ProfileTableViewCell.swift */,
				BAD28A3D283DA89A009F6113 /* LikeListViewController.swift */,
				BAD28A41283DA8C9009F6113 /* ViewOtherProfileViewController.swift */,
				79B1937D283DBE050055AAB7 /* BreedSelectViewController.swift */,
				79B1937F283DBEB60055AAB7 /* CategorySelectViewController.swift */,
				BA8D8583283D807C004CBC16 /* Main.storyboard */,
				BA8D8586283D807D004CBC16 /* Assets.xcassets */,
				BA8D8588283D807D004CBC16 /* LaunchScreen.storyboard */,
				BA8D858B283D807D004CBC16 /* Info.plist */,
				BA8D8591283D80CC004CBC16 /* GoogleService-Info.plist */,
			);
			path = PetMeet;
			sourceTree = "<group>";
		};
/* End PBXGroup section */

/* Begin PBXNativeTarget section */
		BA8D8579283D807C004CBC16 /* PetMeet */ = {
			isa = PBXNativeTarget;
			buildConfigurationList = BA8D858E283D807D004CBC16 /* Build configuration list for PBXNativeTarget "PetMeet" */;
			buildPhases = (
				BA8D8576283D807C004CBC16 /* Sources */,
				BA8D8577283D807C004CBC16 /* Frameworks */,
				BA8D8578283D807C004CBC16 /* Resources */,
			);
			buildRules = (
			);
			dependencies = (
			);
			name = PetMeet;
			packageProductDependencies = (
				BA8D8595283D8130004CBC16 /* FirebaseAuth */,
				BA8D8597283D8130004CBC16 /* FirebaseFirestore */,
				BA8D8599283D8130004CBC16 /* FirebaseStorage */,
			);
			productName = PetMeet;
			productReference = BA8D857A283D807C004CBC16 /* PetMeet.app */;
			productType = "com.apple.product-type.application";
		};
/* End PBXNativeTarget section */

/* Begin PBXProject section */
		BA8D8572283D807C004CBC16 /* Project object */ = {
			isa = PBXProject;
			attributes = {
				BuildIndependentTargetsInParallel = 1;
				LastSwiftUpdateCheck = 1340;
				LastUpgradeCheck = 1340;
				TargetAttributes = {
					BA8D8579283D807C004CBC16 = {
						CreatedOnToolsVersion = 13.4;
					};
				};
			};
			buildConfigurationList = BA8D8575283D807C004CBC16 /* Build configuration list for PBXProject "PetMeet" */;
			compatibilityVersion = "Xcode 13.0";
			developmentRegion = en;
			hasScannedForEncodings = 0;
			knownRegions = (
				en,
				Base,
			);
			mainGroup = BA8D8571283D807C004CBC16;
			packageReferences = (
				BA8D8594283D8130004CBC16 /* XCRemoteSwiftPackageReference "firebase-ios-sdk" */,
			);
			productRefGroup = BA8D857B283D807C004CBC16 /* Products */;
			projectDirPath = "";
			projectRoot = "";
			targets = (
				BA8D8579283D807C004CBC16 /* PetMeet */,
			);
		};
/* End PBXProject section */

/* Begin PBXResourcesBuildPhase section */
		BA8D8578283D807C004CBC16 /* Resources */ = {
			isa = PBXResourcesBuildPhase;
			buildActionMask = 2147483647;
			files = (
				BA8D858A283D807D004CBC16 /* LaunchScreen.storyboard in Resources */,
				BA8D8592283D80CC004CBC16 /* GoogleService-Info.plist in Resources */,
				BA8D8587283D807D004CBC16 /* Assets.xcassets in Resources */,
				BA8D8585283D807C004CBC16 /* Main.storyboard in Resources */,
			);
			runOnlyForDeploymentPostprocessing = 0;
		};
/* End PBXResourcesBuildPhase section */

/* Begin PBXSourcesBuildPhase section */
		BA8D8576283D807C004CBC16 /* Sources */ = {
			isa = PBXSourcesBuildPhase;
			buildActionMask = 2147483647;
			files = (
				BAD28A3C283DA887009F6113 /* MyProfileViewController.swift in Sources */,
				790B92F628408218002B6A92 /* ProfileTableViewCell.swift in Sources */,
				BAD28A3A283DA186009F6113 /* MatchViewController.swift in Sources */,
				BA8D8582283D807C004CBC16 /* ViewController.swift in Sources */,
				BAD28A49283DD134009F6113 /* tabBarViewController.swift in Sources */,
				BAD28A3E283DA89A009F6113 /* LikeListViewController.swift in Sources */,
				BAD28A42283DA8C9009F6113 /* ViewOtherProfileViewController.swift in Sources */,
				79B1937E283DBE050055AAB7 /* BreedSelectViewController.swift in Sources */,
				BA8D857E283D807C004CBC16 /* AppDelegate.swift in Sources */,
				79B19380283DBEB60055AAB7 /* CategorySelectViewController.swift in Sources */,
				BA8D8580283D807C004CBC16 /* SceneDelegate.swift in Sources */,
			);
			runOnlyForDeploymentPostprocessing = 0;
		};
/* End PBXSourcesBuildPhase section */

/* Begin PBXVariantGroup section */
		BA8D8583283D807C004CBC16 /* Main.storyboard */ = {
			isa = PBXVariantGroup;
			children = (
				BA8D8584283D807C004CBC16 /* Base */,
			);
			name = Main.storyboard;
			sourceTree = "<group>";
		};
		BA8D8588283D807D004CBC16 /* LaunchScreen.storyboard */ = {
			isa = PBXVariantGroup;
			children = (
				BA8D8589283D807D004CBC16 /* Base */,
			);
			name = LaunchScreen.storyboard;
			sourceTree = "<group>";
		};
/* End PBXVariantGroup section */

/* Begin XCBuildConfiguration section */
		BA8D858C283D807D004CBC16 /* Debug */ = {
			isa = XCBuildConfiguration;
			buildSettings = {
				ALWAYS_SEARCH_USER_PATHS = NO;
				CLANG_ANALYZER_NONNULL = YES;
				CLANG_ANALYZER_NUMBER_OBJECT_CONVERSION = YES_AGGRESSIVE;
				CLANG_CXX_LANGUAGE_STANDARD = "gnu++17";
				CLANG_ENABLE_MODULES = YES;
				CLANG_ENABLE_OBJC_ARC = YES;
				CLANG_ENABLE_OBJC_WEAK = YES;
				CLANG_WARN_BLOCK_CAPTURE_AUTORELEASING = YES;
				CLANG_WARN_BOOL_CONVERSION = YES;
				CLANG_WARN_COMMA = YES;
				CLANG_WARN_CONSTANT_CONVERSION = YES;
				CLANG_WARN_DEPRECATED_OBJC_IMPLEMENTATIONS = YES;
				CLANG_WARN_DIRECT_OBJC_ISA_USAGE = YES_ERROR;
				CLANG_WARN_DOCUMENTATION_COMMENTS = YES;
				CLANG_WARN_EMPTY_BODY = YES;
				CLANG_WARN_ENUM_CONVERSION = YES;
				CLANG_WARN_INFINITE_RECURSION = YES;
				CLANG_WARN_INT_CONVERSION = YES;
				CLANG_WARN_NON_LITERAL_NULL_CONVERSION = YES;
				CLANG_WARN_OBJC_IMPLICIT_RETAIN_SELF = YES;
				CLANG_WARN_OBJC_LITERAL_CONVERSION = YES;
				CLANG_WARN_OBJC_ROOT_CLASS = YES_ERROR;
				CLANG_WARN_QUOTED_INCLUDE_IN_FRAMEWORK_HEADER = YES;
				CLANG_WARN_RANGE_LOOP_ANALYSIS = YES;
				CLANG_WARN_STRICT_PROTOTYPES = YES;
				CLANG_WARN_SUSPICIOUS_MOVE = YES;
				CLANG_WARN_UNGUARDED_AVAILABILITY = YES_AGGRESSIVE;
				CLANG_WARN_UNREACHABLE_CODE = YES;
				CLANG_WARN__DUPLICATE_METHOD_MATCH = YES;
				COPY_PHASE_STRIP = NO;
				DEBUG_INFORMATION_FORMAT = dwarf;
				ENABLE_STRICT_OBJC_MSGSEND = YES;
				ENABLE_TESTABILITY = YES;
				GCC_C_LANGUAGE_STANDARD = gnu11;
				GCC_DYNAMIC_NO_PIC = NO;
				GCC_NO_COMMON_BLOCKS = YES;
				GCC_OPTIMIZATION_LEVEL = 0;
				GCC_PREPROCESSOR_DEFINITIONS = (
					"DEBUG=1",
					"$(inherited)",
				);
				GCC_WARN_64_TO_32_BIT_CONVERSION = YES;
				GCC_WARN_ABOUT_RETURN_TYPE = YES_ERROR;
				GCC_WARN_UNDECLARED_SELECTOR = YES;
				GCC_WARN_UNINITIALIZED_AUTOS = YES_AGGRESSIVE;
				GCC_WARN_UNUSED_FUNCTION = YES;
				GCC_WARN_UNUSED_VARIABLE = YES;
				IPHONEOS_DEPLOYMENT_TARGET = 15.5;
				MTL_ENABLE_DEBUG_INFO = INCLUDE_SOURCE;
				MTL_FAST_MATH = YES;
				ONLY_ACTIVE_ARCH = YES;
				SDKROOT = iphoneos;
				SWIFT_ACTIVE_COMPILATION_CONDITIONS = DEBUG;
				SWIFT_OPTIMIZATION_LEVEL = "-Onone";
			};
			name = Debug;
		};
		BA8D858D283D807D004CBC16 /* Release */ = {
			isa = XCBuildConfiguration;
			buildSettings = {
				ALWAYS_SEARCH_USER_PATHS = NO;
				CLANG_ANALYZER_NONNULL = YES;
				CLANG_ANALYZER_NUMBER_OBJECT_CONVERSION = YES_AGGRESSIVE;
				CLANG_CXX_LANGUAGE_STANDARD = "gnu++17";
				CLANG_ENABLE_MODULES = YES;
				CLANG_ENABLE_OBJC_ARC = YES;
				CLANG_ENABLE_OBJC_WEAK = YES;
				CLANG_WARN_BLOCK_CAPTURE_AUTORELEASING = YES;
				CLANG_WARN_BOOL_CONVERSION = YES;
				CLANG_WARN_COMMA = YES;
				CLANG_WARN_CONSTANT_CONVERSION = YES;
				CLANG_WARN_DEPRECATED_OBJC_IMPLEMENTATIONS = YES;
				CLANG_WARN_DIRECT_OBJC_ISA_USAGE = YES_ERROR;
				CLANG_WARN_DOCUMENTATION_COMMENTS = YES;
				CLANG_WARN_EMPTY_BODY = YES;
				CLANG_WARN_ENUM_CONVERSION = YES;
				CLANG_WARN_INFINITE_RECURSION = YES;
				CLANG_WARN_INT_CONVERSION = YES;
				CLANG_WARN_NON_LITERAL_NULL_CONVERSION = YES;
				CLANG_WARN_OBJC_IMPLICIT_RETAIN_SELF = YES;
				CLANG_WARN_OBJC_LITERAL_CONVERSION = YES;
				CLANG_WARN_OBJC_ROOT_CLASS = YES_ERROR;
				CLANG_WARN_QUOTED_INCLUDE_IN_FRAMEWORK_HEADER = YES;
				CLANG_WARN_RANGE_LOOP_ANALYSIS = YES;
				CLANG_WARN_STRICT_PROTOTYPES = YES;
				CLANG_WARN_SUSPICIOUS_MOVE = YES;
				CLANG_WARN_UNGUARDED_AVAILABILITY = YES_AGGRESSIVE;
				CLANG_WARN_UNREACHABLE_CODE = YES;
				CLANG_WARN__DUPLICATE_METHOD_MATCH = YES;
				COPY_PHASE_STRIP = NO;
				DEBUG_INFORMATION_FORMAT = "dwarf-with-dsym";
				ENABLE_NS_ASSERTIONS = NO;
				ENABLE_STRICT_OBJC_MSGSEND = YES;
				GCC_C_LANGUAGE_STANDARD = gnu11;
				GCC_NO_COMMON_BLOCKS = YES;
				GCC_WARN_64_TO_32_BIT_CONVERSION = YES;
				GCC_WARN_ABOUT_RETURN_TYPE = YES_ERROR;
				GCC_WARN_UNDECLARED_SELECTOR = YES;
				GCC_WARN_UNINITIALIZED_AUTOS = YES_AGGRESSIVE;
				GCC_WARN_UNUSED_FUNCTION = YES;
				GCC_WARN_UNUSED_VARIABLE = YES;
				IPHONEOS_DEPLOYMENT_TARGET = 15.5;
				MTL_ENABLE_DEBUG_INFO = NO;
				MTL_FAST_MATH = YES;
				SDKROOT = iphoneos;
				SWIFT_COMPILATION_MODE = wholemodule;
				SWIFT_OPTIMIZATION_LEVEL = "-O";
				VALIDATE_PRODUCT = YES;
			};
			name = Release;
		};
		BA8D858F283D807D004CBC16 /* Debug */ = {
			isa = XCBuildConfiguration;
			buildSettings = {
				ASSETCATALOG_COMPILER_APPICON_NAME = AppIcon;
				ASSETCATALOG_COMPILER_GLOBAL_ACCENT_COLOR_NAME = AccentColor;
				CODE_SIGN_ENTITLEMENTS = PetMeet/PetMeetDebug.entitlements;
				CODE_SIGN_STYLE = Automatic;
				CURRENT_PROJECT_VERSION = 1;
				DEVELOPMENT_TEAM = EH553VET9L;
				GENERATE_INFOPLIST_FILE = YES;
				INFOPLIST_FILE = PetMeet/Info.plist;
				INFOPLIST_KEY_UIApplicationSupportsIndirectInputEvents = YES;
				INFOPLIST_KEY_UILaunchStoryboardName = LaunchScreen;
				INFOPLIST_KEY_UIMainStoryboardFile = Main;
				INFOPLIST_KEY_UISupportedInterfaceOrientations_iPad = "UIInterfaceOrientationPortrait UIInterfaceOrientationPortraitUpsideDown UIInterfaceOrientationLandscapeLeft UIInterfaceOrientationLandscapeRight";
				INFOPLIST_KEY_UISupportedInterfaceOrientations_iPhone = "UIInterfaceOrientationPortrait UIInterfaceOrientationLandscapeLeft UIInterfaceOrientationLandscapeRight";
				IPHONEOS_DEPLOYMENT_TARGET = 14.0;
				LD_RUNPATH_SEARCH_PATHS = (
					"$(inherited)",
					"@executable_path/Frameworks",
				);
				MARKETING_VERSION = 1.0;
				PRODUCT_BUNDLE_IDENTIFIER = "henry-bao.PetMeet";
				PRODUCT_NAME = "$(TARGET_NAME)";
				SWIFT_EMIT_LOC_STRINGS = YES;
				SWIFT_VERSION = 5.0;
				TARGETED_DEVICE_FAMILY = "1,2";
			};
			name = Debug;
		};
		BA8D8590283D807D004CBC16 /* Release */ = {
			isa = XCBuildConfiguration;
			buildSettings = {
				ASSETCATALOG_COMPILER_APPICON_NAME = AppIcon;
				ASSETCATALOG_COMPILER_GLOBAL_ACCENT_COLOR_NAME = AccentColor;
				CODE_SIGN_ENTITLEMENTS = PetMeet/PetMeetRelease.entitlements;
				CODE_SIGN_STYLE = Automatic;
				CURRENT_PROJECT_VERSION = 1;
				DEVELOPMENT_TEAM = EH553VET9L;
				GENERATE_INFOPLIST_FILE = YES;
				INFOPLIST_FILE = PetMeet/Info.plist;
				INFOPLIST_KEY_UIApplicationSupportsIndirectInputEvents = YES;
				INFOPLIST_KEY_UILaunchStoryboardName = LaunchScreen;
				INFOPLIST_KEY_UIMainStoryboardFile = Main;
				INFOPLIST_KEY_UISupportedInterfaceOrientations_iPad = "UIInterfaceOrientationPortrait UIInterfaceOrientationPortraitUpsideDown UIInterfaceOrientationLandscapeLeft UIInterfaceOrientationLandscapeRight";
				INFOPLIST_KEY_UISupportedInterfaceOrientations_iPhone = "UIInterfaceOrientationPortrait UIInterfaceOrientationLandscapeLeft UIInterfaceOrientationLandscapeRight";
				IPHONEOS_DEPLOYMENT_TARGET = 14.0;
				LD_RUNPATH_SEARCH_PATHS = (
					"$(inherited)",
					"@executable_path/Frameworks",
				);
				MARKETING_VERSION = 1.0;
				PRODUCT_BUNDLE_IDENTIFIER = "henry-bao.PetMeet";
				PRODUCT_NAME = "$(TARGET_NAME)";
				SWIFT_EMIT_LOC_STRINGS = YES;
				SWIFT_VERSION = 5.0;
				TARGETED_DEVICE_FAMILY = "1,2";
			};
			name = Release;
		};
/* End XCBuildConfiguration section */

/* Begin XCConfigurationList section */
		BA8D8575283D807C004CBC16 /* Build configuration list for PBXProject "PetMeet" */ = {
			isa = XCConfigurationList;
			buildConfigurations = (
				BA8D858C283D807D004CBC16 /* Debug */,
				BA8D858D283D807D004CBC16 /* Release */,
			);
			defaultConfigurationIsVisible = 0;
			defaultConfigurationName = Release;
		};
		BA8D858E283D807D004CBC16 /* Build configuration list for PBXNativeTarget "PetMeet" */ = {
			isa = XCConfigurationList;
			buildConfigurations = (
				BA8D858F283D807D004CBC16 /* Debug */,
				BA8D8590283D807D004CBC16 /* Release */,
			);
			defaultConfigurationIsVisible = 0;
			defaultConfigurationName = Release;
		};
/* End XCConfigurationList section */

/* Begin XCRemoteSwiftPackageReference section */
		BA8D8594283D8130004CBC16 /* XCRemoteSwiftPackageReference "firebase-ios-sdk" */ = {
			isa = XCRemoteSwiftPackageReference;
			repositoryURL = "https://github.com/firebase/firebase-ios-sdk";
			requirement = {
				kind = upToNextMajorVersion;
				minimumVersion = 9.0.0;
			};
		};
/* End XCRemoteSwiftPackageReference section */

/* Begin XCSwiftPackageProductDependency section */
		BA8D8595283D8130004CBC16 /* FirebaseAuth */ = {
			isa = XCSwiftPackageProductDependency;
			package = BA8D8594283D8130004CBC16 /* XCRemoteSwiftPackageReference "firebase-ios-sdk" */;
			productName = FirebaseAuth;
		};
		BA8D8597283D8130004CBC16 /* FirebaseFirestore */ = {
			isa = XCSwiftPackageProductDependency;
			package = BA8D8594283D8130004CBC16 /* XCRemoteSwiftPackageReference "firebase-ios-sdk" */;
			productName = FirebaseFirestore;
		};
		BA8D8599283D8130004CBC16 /* FirebaseStorage */ = {
			isa = XCSwiftPackageProductDependency;
			package = BA8D8594283D8130004CBC16 /* XCRemoteSwiftPackageReference "firebase-ios-sdk" */;
			productName = FirebaseStorage;
		};
/* End XCSwiftPackageProductDependency section */
	};
	rootObject = BA8D8572283D807C004CBC16 /* Project object */;
}
