// !$*UTF8*$!
{
	archiveVersion = 1;
	classes = {
	};
	objectVersion = 55;
	objects = {

/* Begin PBXBuildFile section */
<<<<<<< HEAD
		BA8D84E2283B3C8C004CBC16 /* AppDelegate.swift in Sources */ = {isa = PBXBuildFile; fileRef = BA8D84E1283B3C8C004CBC16 /* AppDelegate.swift */; };
		BA8D84E4283B3C8C004CBC16 /* SceneDelegate.swift in Sources */ = {isa = PBXBuildFile; fileRef = BA8D84E3283B3C8C004CBC16 /* SceneDelegate.swift */; };
		BA8D84E6283B3C8C004CBC16 /* ViewController.swift in Sources */ = {isa = PBXBuildFile; fileRef = BA8D84E5283B3C8C004CBC16 /* ViewController.swift */; };
		BA8D84E9283B3C8C004CBC16 /* Main.storyboard in Resources */ = {isa = PBXBuildFile; fileRef = BA8D84E7283B3C8C004CBC16 /* Main.storyboard */; };
		BA8D84EB283B3C8D004CBC16 /* Assets.xcassets in Resources */ = {isa = PBXBuildFile; fileRef = BA8D84EA283B3C8D004CBC16 /* Assets.xcassets */; };
		BA8D84EE283B3C8D004CBC16 /* LaunchScreen.storyboard in Resources */ = {isa = PBXBuildFile; fileRef = BA8D84EC283B3C8D004CBC16 /* LaunchScreen.storyboard */; };
		BA8D84F7283B3CD4004CBC16 /* FirebaseAnalytics in Frameworks */ = {isa = PBXBuildFile; productRef = BA8D84F6283B3CD4004CBC16 /* FirebaseAnalytics */; };
		BA8D84F9283B3CD4004CBC16 /* FirebaseAuth in Frameworks */ = {isa = PBXBuildFile; productRef = BA8D84F8283B3CD4004CBC16 /* FirebaseAuth */; };
		BA8D84FB283B3CD4004CBC16 /* FirebaseFirestore in Frameworks */ = {isa = PBXBuildFile; productRef = BA8D84FA283B3CD4004CBC16 /* FirebaseFirestore */; };
		BA8D84FD283B3CD4004CBC16 /* FirebaseStorage in Frameworks */ = {isa = PBXBuildFile; productRef = BA8D84FC283B3CD4004CBC16 /* FirebaseStorage */; };
		BA8D8501283B3E92004CBC16 /* GoogleService-Info.plist in Resources */ = {isa = PBXBuildFile; fileRef = BA8D8500283B3E92004CBC16 /* GoogleService-Info.plist */; };
		BA8D8504283B4036004CBC16 /* GoogleSignIn in Frameworks */ = {isa = PBXBuildFile; productRef = BA8D8503283B4036004CBC16 /* GoogleSignIn */; };
/* End PBXBuildFile section */

/* Begin PBXFileReference section */
		BA8D84DE283B3C8C004CBC16 /* PetMeet.app */ = {isa = PBXFileReference; explicitFileType = wrapper.application; includeInIndex = 0; path = PetMeet.app; sourceTree = BUILT_PRODUCTS_DIR; };
		BA8D84E1283B3C8C004CBC16 /* AppDelegate.swift */ = {isa = PBXFileReference; lastKnownFileType = sourcecode.swift; path = AppDelegate.swift; sourceTree = "<group>"; };
		BA8D84E3283B3C8C004CBC16 /* SceneDelegate.swift */ = {isa = PBXFileReference; lastKnownFileType = sourcecode.swift; path = SceneDelegate.swift; sourceTree = "<group>"; };
		BA8D84E5283B3C8C004CBC16 /* ViewController.swift */ = {isa = PBXFileReference; lastKnownFileType = sourcecode.swift; path = ViewController.swift; sourceTree = "<group>"; };
		BA8D84E8283B3C8C004CBC16 /* Base */ = {isa = PBXFileReference; lastKnownFileType = file.storyboard; name = Base; path = Base.lproj/Main.storyboard; sourceTree = "<group>"; };
		BA8D84EA283B3C8D004CBC16 /* Assets.xcassets */ = {isa = PBXFileReference; lastKnownFileType = folder.assetcatalog; path = Assets.xcassets; sourceTree = "<group>"; };
		BA8D84ED283B3C8D004CBC16 /* Base */ = {isa = PBXFileReference; lastKnownFileType = file.storyboard; name = Base; path = Base.lproj/LaunchScreen.storyboard; sourceTree = "<group>"; };
		BA8D84EF283B3C8D004CBC16 /* Info.plist */ = {isa = PBXFileReference; lastKnownFileType = text.plist.xml; path = Info.plist; sourceTree = "<group>"; };
		BA8D8500283B3E92004CBC16 /* GoogleService-Info.plist */ = {isa = PBXFileReference; fileEncoding = 4; lastKnownFileType = text.plist.xml; path = "GoogleService-Info.plist"; sourceTree = "<group>"; };
/* End PBXFileReference section */

/* Begin PBXFrameworksBuildPhase section */
		BA8D84DB283B3C8C004CBC16 /* Frameworks */ = {
			isa = PBXFrameworksBuildPhase;
			buildActionMask = 2147483647;
			files = (
				BA8D8504283B4036004CBC16 /* GoogleSignIn in Frameworks */,
				BA8D84F7283B3CD4004CBC16 /* FirebaseAnalytics in Frameworks */,
				BA8D84FD283B3CD4004CBC16 /* FirebaseStorage in Frameworks */,
				BA8D84F9283B3CD4004CBC16 /* FirebaseAuth in Frameworks */,
				BA8D84FB283B3CD4004CBC16 /* FirebaseFirestore in Frameworks */,
=======
		BA8D8533283D7844004CBC16 /* AppDelegate.swift in Sources */ = {isa = PBXBuildFile; fileRef = BA8D8532283D7844004CBC16 /* AppDelegate.swift */; };
		BA8D8535283D7844004CBC16 /* SceneDelegate.swift in Sources */ = {isa = PBXBuildFile; fileRef = BA8D8534283D7844004CBC16 /* SceneDelegate.swift */; };
		BA8D8537283D7844004CBC16 /* ViewController.swift in Sources */ = {isa = PBXBuildFile; fileRef = BA8D8536283D7844004CBC16 /* ViewController.swift */; };
		BA8D853A283D7844004CBC16 /* Main.storyboard in Resources */ = {isa = PBXBuildFile; fileRef = BA8D8538283D7844004CBC16 /* Main.storyboard */; };
		BA8D853C283D7844004CBC16 /* Assets.xcassets in Resources */ = {isa = PBXBuildFile; fileRef = BA8D853B283D7844004CBC16 /* Assets.xcassets */; };
		BA8D853F283D7844004CBC16 /* LaunchScreen.storyboard in Resources */ = {isa = PBXBuildFile; fileRef = BA8D853D283D7844004CBC16 /* LaunchScreen.storyboard */; };
/* End PBXBuildFile section */

/* Begin PBXFileReference section */
		BA8D852F283D7844004CBC16 /* PetMeet.app */ = {isa = PBXFileReference; explicitFileType = wrapper.application; includeInIndex = 0; path = PetMeet.app; sourceTree = BUILT_PRODUCTS_DIR; };
		BA8D8532283D7844004CBC16 /* AppDelegate.swift */ = {isa = PBXFileReference; lastKnownFileType = sourcecode.swift; path = AppDelegate.swift; sourceTree = "<group>"; };
		BA8D8534283D7844004CBC16 /* SceneDelegate.swift */ = {isa = PBXFileReference; lastKnownFileType = sourcecode.swift; path = SceneDelegate.swift; sourceTree = "<group>"; };
		BA8D8536283D7844004CBC16 /* ViewController.swift */ = {isa = PBXFileReference; lastKnownFileType = sourcecode.swift; path = ViewController.swift; sourceTree = "<group>"; };
		BA8D8539283D7844004CBC16 /* Base */ = {isa = PBXFileReference; lastKnownFileType = file.storyboard; name = Base; path = Base.lproj/Main.storyboard; sourceTree = "<group>"; };
		BA8D853B283D7844004CBC16 /* Assets.xcassets */ = {isa = PBXFileReference; lastKnownFileType = folder.assetcatalog; path = Assets.xcassets; sourceTree = "<group>"; };
		BA8D853E283D7844004CBC16 /* Base */ = {isa = PBXFileReference; lastKnownFileType = file.storyboard; name = Base; path = Base.lproj/LaunchScreen.storyboard; sourceTree = "<group>"; };
		BA8D8540283D7844004CBC16 /* Info.plist */ = {isa = PBXFileReference; lastKnownFileType = text.plist.xml; path = Info.plist; sourceTree = "<group>"; };
/* End PBXFileReference section */

/* Begin PBXFrameworksBuildPhase section */
		BA8D852C283D7844004CBC16 /* Frameworks */ = {
			isa = PBXFrameworksBuildPhase;
			buildActionMask = 2147483647;
			files = (
>>>>>>> 2ef088c (Initial Commit)
			);
			runOnlyForDeploymentPostprocessing = 0;
		};
/* End PBXFrameworksBuildPhase section */

/* Begin PBXGroup section */
<<<<<<< HEAD
		BA8D84D5283B3C8C004CBC16 = {
			isa = PBXGroup;
			children = (
				BA8D84E0283B3C8C004CBC16 /* PetMeet */,
				BA8D84DF283B3C8C004CBC16 /* Products */,
			);
			sourceTree = "<group>";
		};
		BA8D84DF283B3C8C004CBC16 /* Products */ = {
			isa = PBXGroup;
			children = (
				BA8D84DE283B3C8C004CBC16 /* PetMeet.app */,
=======
		BA8D8526283D7844004CBC16 = {
			isa = PBXGroup;
			children = (
				BA8D8531283D7844004CBC16 /* PetMeet */,
				BA8D8530283D7844004CBC16 /* Products */,
			);
			sourceTree = "<group>";
		};
		BA8D8530283D7844004CBC16 /* Products */ = {
			isa = PBXGroup;
			children = (
				BA8D852F283D7844004CBC16 /* PetMeet.app */,
>>>>>>> 2ef088c (Initial Commit)
			);
			name = Products;
			sourceTree = "<group>";
		};
<<<<<<< HEAD
		BA8D84E0283B3C8C004CBC16 /* PetMeet */ = {
			isa = PBXGroup;
			children = (
				BA8D84E1283B3C8C004CBC16 /* AppDelegate.swift */,
				BA8D84E3283B3C8C004CBC16 /* SceneDelegate.swift */,
				BA8D84E5283B3C8C004CBC16 /* ViewController.swift */,
				BA8D84E7283B3C8C004CBC16 /* Main.storyboard */,
				BA8D84EA283B3C8D004CBC16 /* Assets.xcassets */,
				BA8D84EC283B3C8D004CBC16 /* LaunchScreen.storyboard */,
				BA8D84EF283B3C8D004CBC16 /* Info.plist */,
				BA8D8500283B3E92004CBC16 /* GoogleService-Info.plist */,
=======
		BA8D8531283D7844004CBC16 /* PetMeet */ = {
			isa = PBXGroup;
			children = (
				BA8D8532283D7844004CBC16 /* AppDelegate.swift */,
				BA8D8534283D7844004CBC16 /* SceneDelegate.swift */,
				BA8D8536283D7844004CBC16 /* ViewController.swift */,
				BA8D8538283D7844004CBC16 /* Main.storyboard */,
				BA8D853B283D7844004CBC16 /* Assets.xcassets */,
				BA8D853D283D7844004CBC16 /* LaunchScreen.storyboard */,
				BA8D8540283D7844004CBC16 /* Info.plist */,
>>>>>>> 2ef088c (Initial Commit)
			);
			path = PetMeet;
			sourceTree = "<group>";
		};
/* End PBXGroup section */

/* Begin PBXNativeTarget section */
<<<<<<< HEAD
		BA8D84DD283B3C8C004CBC16 /* PetMeet */ = {
			isa = PBXNativeTarget;
			buildConfigurationList = BA8D84F2283B3C8D004CBC16 /* Build configuration list for PBXNativeTarget "PetMeet" */;
			buildPhases = (
				BA8D84DA283B3C8C004CBC16 /* Sources */,
				BA8D84DB283B3C8C004CBC16 /* Frameworks */,
				BA8D84DC283B3C8C004CBC16 /* Resources */,
=======
		BA8D852E283D7844004CBC16 /* PetMeet */ = {
			isa = PBXNativeTarget;
			buildConfigurationList = BA8D8543283D7844004CBC16 /* Build configuration list for PBXNativeTarget "PetMeet" */;
			buildPhases = (
				BA8D852B283D7844004CBC16 /* Sources */,
				BA8D852C283D7844004CBC16 /* Frameworks */,
				BA8D852D283D7844004CBC16 /* Resources */,
>>>>>>> 2ef088c (Initial Commit)
			);
			buildRules = (
			);
			dependencies = (
			);
			name = PetMeet;
<<<<<<< HEAD
			packageProductDependencies = (
				BA8D84F6283B3CD4004CBC16 /* FirebaseAnalytics */,
				BA8D84F8283B3CD4004CBC16 /* FirebaseAuth */,
				BA8D84FA283B3CD4004CBC16 /* FirebaseFirestore */,
				BA8D84FC283B3CD4004CBC16 /* FirebaseStorage */,
				BA8D8503283B4036004CBC16 /* GoogleSignIn */,
			);
			productName = PetMeet;
			productReference = BA8D84DE283B3C8C004CBC16 /* PetMeet.app */;
=======
			productName = PetMeet;
			productReference = BA8D852F283D7844004CBC16 /* PetMeet.app */;
>>>>>>> 2ef088c (Initial Commit)
			productType = "com.apple.product-type.application";
		};
/* End PBXNativeTarget section */

/* Begin PBXProject section */
<<<<<<< HEAD
		BA8D84D6283B3C8C004CBC16 /* Project object */ = {
=======
		BA8D8527283D7844004CBC16 /* Project object */ = {
>>>>>>> 2ef088c (Initial Commit)
			isa = PBXProject;
			attributes = {
				BuildIndependentTargetsInParallel = 1;
				LastSwiftUpdateCheck = 1340;
				LastUpgradeCheck = 1340;
				TargetAttributes = {
<<<<<<< HEAD
					BA8D84DD283B3C8C004CBC16 = {
=======
					BA8D852E283D7844004CBC16 = {
>>>>>>> 2ef088c (Initial Commit)
						CreatedOnToolsVersion = 13.4;
					};
				};
			};
<<<<<<< HEAD
			buildConfigurationList = BA8D84D9283B3C8C004CBC16 /* Build configuration list for PBXProject "PetMeet" */;
=======
			buildConfigurationList = BA8D852A283D7844004CBC16 /* Build configuration list for PBXProject "PetMeet" */;
>>>>>>> 2ef088c (Initial Commit)
			compatibilityVersion = "Xcode 13.0";
			developmentRegion = en;
			hasScannedForEncodings = 0;
			knownRegions = (
				en,
				Base,
			);
<<<<<<< HEAD
			mainGroup = BA8D84D5283B3C8C004CBC16;
			packageReferences = (
				BA8D84F5283B3CD4004CBC16 /* XCRemoteSwiftPackageReference "firebase-ios-sdk" */,
				BA8D8502283B4036004CBC16 /* XCRemoteSwiftPackageReference "GoogleSignIn-iOS" */,
			);
			productRefGroup = BA8D84DF283B3C8C004CBC16 /* Products */;
			projectDirPath = "";
			projectRoot = "";
			targets = (
				BA8D84DD283B3C8C004CBC16 /* PetMeet */,
=======
			mainGroup = BA8D8526283D7844004CBC16;
			productRefGroup = BA8D8530283D7844004CBC16 /* Products */;
			projectDirPath = "";
			projectRoot = "";
			targets = (
				BA8D852E283D7844004CBC16 /* PetMeet */,
>>>>>>> 2ef088c (Initial Commit)
			);
		};
/* End PBXProject section */

/* Begin PBXResourcesBuildPhase section */
<<<<<<< HEAD
		BA8D84DC283B3C8C004CBC16 /* Resources */ = {
			isa = PBXResourcesBuildPhase;
			buildActionMask = 2147483647;
			files = (
				BA8D84EE283B3C8D004CBC16 /* LaunchScreen.storyboard in Resources */,
				BA8D8501283B3E92004CBC16 /* GoogleService-Info.plist in Resources */,
				BA8D84EB283B3C8D004CBC16 /* Assets.xcassets in Resources */,
				BA8D84E9283B3C8C004CBC16 /* Main.storyboard in Resources */,
=======
		BA8D852D283D7844004CBC16 /* Resources */ = {
			isa = PBXResourcesBuildPhase;
			buildActionMask = 2147483647;
			files = (
				BA8D853F283D7844004CBC16 /* LaunchScreen.storyboard in Resources */,
				BA8D853C283D7844004CBC16 /* Assets.xcassets in Resources */,
				BA8D853A283D7844004CBC16 /* Main.storyboard in Resources */,
>>>>>>> 2ef088c (Initial Commit)
			);
			runOnlyForDeploymentPostprocessing = 0;
		};
/* End PBXResourcesBuildPhase section */

/* Begin PBXSourcesBuildPhase section */
<<<<<<< HEAD
		BA8D84DA283B3C8C004CBC16 /* Sources */ = {
			isa = PBXSourcesBuildPhase;
			buildActionMask = 2147483647;
			files = (
				BA8D84E6283B3C8C004CBC16 /* ViewController.swift in Sources */,
				BA8D84E2283B3C8C004CBC16 /* AppDelegate.swift in Sources */,
				BA8D84E4283B3C8C004CBC16 /* SceneDelegate.swift in Sources */,
=======
		BA8D852B283D7844004CBC16 /* Sources */ = {
			isa = PBXSourcesBuildPhase;
			buildActionMask = 2147483647;
			files = (
				BA8D8537283D7844004CBC16 /* ViewController.swift in Sources */,
				BA8D8533283D7844004CBC16 /* AppDelegate.swift in Sources */,
				BA8D8535283D7844004CBC16 /* SceneDelegate.swift in Sources */,
>>>>>>> 2ef088c (Initial Commit)
			);
			runOnlyForDeploymentPostprocessing = 0;
		};
/* End PBXSourcesBuildPhase section */

/* Begin PBXVariantGroup section */
<<<<<<< HEAD
		BA8D84E7283B3C8C004CBC16 /* Main.storyboard */ = {
			isa = PBXVariantGroup;
			children = (
				BA8D84E8283B3C8C004CBC16 /* Base */,
=======
		BA8D8538283D7844004CBC16 /* Main.storyboard */ = {
			isa = PBXVariantGroup;
			children = (
				BA8D8539283D7844004CBC16 /* Base */,
>>>>>>> 2ef088c (Initial Commit)
			);
			name = Main.storyboard;
			sourceTree = "<group>";
		};
<<<<<<< HEAD
		BA8D84EC283B3C8D004CBC16 /* LaunchScreen.storyboard */ = {
			isa = PBXVariantGroup;
			children = (
				BA8D84ED283B3C8D004CBC16 /* Base */,
=======
		BA8D853D283D7844004CBC16 /* LaunchScreen.storyboard */ = {
			isa = PBXVariantGroup;
			children = (
				BA8D853E283D7844004CBC16 /* Base */,
>>>>>>> 2ef088c (Initial Commit)
			);
			name = LaunchScreen.storyboard;
			sourceTree = "<group>";
		};
/* End PBXVariantGroup section */

/* Begin XCBuildConfiguration section */
<<<<<<< HEAD
		BA8D84F0283B3C8D004CBC16 /* Debug */ = {
=======
		BA8D8541283D7844004CBC16 /* Debug */ = {
>>>>>>> 2ef088c (Initial Commit)
			isa = XCBuildConfiguration;
			buildSettings = {
				ALWAYS_SEARCH_USER_PATHS = NO;
				CLANG_ANALYZER_NONNULL = YES;
				CLANG_ANALYZER_NUMBER_OBJECT_CONVERSION = YES_AGGRESSIVE;
				CLANG_CXX_LANGUAGE_STANDARD = "gnu++17";
				CLANG_ENABLE_MODULES = YES;
				CLANG_ENABLE_OBJC_ARC = YES;
				CLANG_ENABLE_OBJC_WEAK = YES;
				CLANG_WARN_BLOCK_CAPTURE_AUTORELEASING = YES;
				CLANG_WARN_BOOL_CONVERSION = YES;
				CLANG_WARN_COMMA = YES;
				CLANG_WARN_CONSTANT_CONVERSION = YES;
				CLANG_WARN_DEPRECATED_OBJC_IMPLEMENTATIONS = YES;
				CLANG_WARN_DIRECT_OBJC_ISA_USAGE = YES_ERROR;
				CLANG_WARN_DOCUMENTATION_COMMENTS = YES;
				CLANG_WARN_EMPTY_BODY = YES;
				CLANG_WARN_ENUM_CONVERSION = YES;
				CLANG_WARN_INFINITE_RECURSION = YES;
				CLANG_WARN_INT_CONVERSION = YES;
				CLANG_WARN_NON_LITERAL_NULL_CONVERSION = YES;
				CLANG_WARN_OBJC_IMPLICIT_RETAIN_SELF = YES;
				CLANG_WARN_OBJC_LITERAL_CONVERSION = YES;
				CLANG_WARN_OBJC_ROOT_CLASS = YES_ERROR;
				CLANG_WARN_QUOTED_INCLUDE_IN_FRAMEWORK_HEADER = YES;
				CLANG_WARN_RANGE_LOOP_ANALYSIS = YES;
				CLANG_WARN_STRICT_PROTOTYPES = YES;
				CLANG_WARN_SUSPICIOUS_MOVE = YES;
				CLANG_WARN_UNGUARDED_AVAILABILITY = YES_AGGRESSIVE;
				CLANG_WARN_UNREACHABLE_CODE = YES;
				CLANG_WARN__DUPLICATE_METHOD_MATCH = YES;
				COPY_PHASE_STRIP = NO;
				DEBUG_INFORMATION_FORMAT = dwarf;
				ENABLE_STRICT_OBJC_MSGSEND = YES;
				ENABLE_TESTABILITY = YES;
				GCC_C_LANGUAGE_STANDARD = gnu11;
				GCC_DYNAMIC_NO_PIC = NO;
				GCC_NO_COMMON_BLOCKS = YES;
				GCC_OPTIMIZATION_LEVEL = 0;
				GCC_PREPROCESSOR_DEFINITIONS = (
					"DEBUG=1",
					"$(inherited)",
				);
				GCC_WARN_64_TO_32_BIT_CONVERSION = YES;
				GCC_WARN_ABOUT_RETURN_TYPE = YES_ERROR;
				GCC_WARN_UNDECLARED_SELECTOR = YES;
				GCC_WARN_UNINITIALIZED_AUTOS = YES_AGGRESSIVE;
				GCC_WARN_UNUSED_FUNCTION = YES;
				GCC_WARN_UNUSED_VARIABLE = YES;
				IPHONEOS_DEPLOYMENT_TARGET = 15.5;
				MTL_ENABLE_DEBUG_INFO = INCLUDE_SOURCE;
				MTL_FAST_MATH = YES;
				ONLY_ACTIVE_ARCH = YES;
				SDKROOT = iphoneos;
				SWIFT_ACTIVE_COMPILATION_CONDITIONS = DEBUG;
				SWIFT_OPTIMIZATION_LEVEL = "-Onone";
			};
			name = Debug;
		};
<<<<<<< HEAD
		BA8D84F1283B3C8D004CBC16 /* Release */ = {
=======
		BA8D8542283D7844004CBC16 /* Release */ = {
>>>>>>> 2ef088c (Initial Commit)
			isa = XCBuildConfiguration;
			buildSettings = {
				ALWAYS_SEARCH_USER_PATHS = NO;
				CLANG_ANALYZER_NONNULL = YES;
				CLANG_ANALYZER_NUMBER_OBJECT_CONVERSION = YES_AGGRESSIVE;
				CLANG_CXX_LANGUAGE_STANDARD = "gnu++17";
				CLANG_ENABLE_MODULES = YES;
				CLANG_ENABLE_OBJC_ARC = YES;
				CLANG_ENABLE_OBJC_WEAK = YES;
				CLANG_WARN_BLOCK_CAPTURE_AUTORELEASING = YES;
				CLANG_WARN_BOOL_CONVERSION = YES;
				CLANG_WARN_COMMA = YES;
				CLANG_WARN_CONSTANT_CONVERSION = YES;
				CLANG_WARN_DEPRECATED_OBJC_IMPLEMENTATIONS = YES;
				CLANG_WARN_DIRECT_OBJC_ISA_USAGE = YES_ERROR;
				CLANG_WARN_DOCUMENTATION_COMMENTS = YES;
				CLANG_WARN_EMPTY_BODY = YES;
				CLANG_WARN_ENUM_CONVERSION = YES;
				CLANG_WARN_INFINITE_RECURSION = YES;
				CLANG_WARN_INT_CONVERSION = YES;
				CLANG_WARN_NON_LITERAL_NULL_CONVERSION = YES;
				CLANG_WARN_OBJC_IMPLICIT_RETAIN_SELF = YES;
				CLANG_WARN_OBJC_LITERAL_CONVERSION = YES;
				CLANG_WARN_OBJC_ROOT_CLASS = YES_ERROR;
				CLANG_WARN_QUOTED_INCLUDE_IN_FRAMEWORK_HEADER = YES;
				CLANG_WARN_RANGE_LOOP_ANALYSIS = YES;
				CLANG_WARN_STRICT_PROTOTYPES = YES;
				CLANG_WARN_SUSPICIOUS_MOVE = YES;
				CLANG_WARN_UNGUARDED_AVAILABILITY = YES_AGGRESSIVE;
				CLANG_WARN_UNREACHABLE_CODE = YES;
				CLANG_WARN__DUPLICATE_METHOD_MATCH = YES;
				COPY_PHASE_STRIP = NO;
				DEBUG_INFORMATION_FORMAT = "dwarf-with-dsym";
				ENABLE_NS_ASSERTIONS = NO;
				ENABLE_STRICT_OBJC_MSGSEND = YES;
				GCC_C_LANGUAGE_STANDARD = gnu11;
				GCC_NO_COMMON_BLOCKS = YES;
				GCC_WARN_64_TO_32_BIT_CONVERSION = YES;
				GCC_WARN_ABOUT_RETURN_TYPE = YES_ERROR;
				GCC_WARN_UNDECLARED_SELECTOR = YES;
				GCC_WARN_UNINITIALIZED_AUTOS = YES_AGGRESSIVE;
				GCC_WARN_UNUSED_FUNCTION = YES;
				GCC_WARN_UNUSED_VARIABLE = YES;
				IPHONEOS_DEPLOYMENT_TARGET = 15.5;
				MTL_ENABLE_DEBUG_INFO = NO;
				MTL_FAST_MATH = YES;
				SDKROOT = iphoneos;
				SWIFT_COMPILATION_MODE = wholemodule;
				SWIFT_OPTIMIZATION_LEVEL = "-O";
				VALIDATE_PRODUCT = YES;
			};
			name = Release;
		};
<<<<<<< HEAD
		BA8D84F3283B3C8D004CBC16 /* Debug */ = {
=======
		BA8D8544283D7844004CBC16 /* Debug */ = {
>>>>>>> 2ef088c (Initial Commit)
			isa = XCBuildConfiguration;
			buildSettings = {
				ASSETCATALOG_COMPILER_APPICON_NAME = AppIcon;
				ASSETCATALOG_COMPILER_GLOBAL_ACCENT_COLOR_NAME = AccentColor;
				CODE_SIGN_STYLE = Automatic;
				CURRENT_PROJECT_VERSION = 1;
				DEVELOPMENT_TEAM = EH553VET9L;
				GENERATE_INFOPLIST_FILE = YES;
				INFOPLIST_FILE = PetMeet/Info.plist;
				INFOPLIST_KEY_UIApplicationSupportsIndirectInputEvents = YES;
				INFOPLIST_KEY_UILaunchStoryboardName = LaunchScreen;
				INFOPLIST_KEY_UIMainStoryboardFile = Main;
				INFOPLIST_KEY_UISupportedInterfaceOrientations_iPad = "UIInterfaceOrientationPortrait UIInterfaceOrientationPortraitUpsideDown UIInterfaceOrientationLandscapeLeft UIInterfaceOrientationLandscapeRight";
				INFOPLIST_KEY_UISupportedInterfaceOrientations_iPhone = "UIInterfaceOrientationPortrait UIInterfaceOrientationLandscapeLeft UIInterfaceOrientationLandscapeRight";
				LD_RUNPATH_SEARCH_PATHS = (
					"$(inherited)",
					"@executable_path/Frameworks",
				);
				MARKETING_VERSION = 1.0;
				PRODUCT_BUNDLE_IDENTIFIER = "henry-bao.PetMeet";
				PRODUCT_NAME = "$(TARGET_NAME)";
				SWIFT_EMIT_LOC_STRINGS = YES;
				SWIFT_VERSION = 5.0;
				TARGETED_DEVICE_FAMILY = "1,2";
			};
			name = Debug;
		};
<<<<<<< HEAD
		BA8D84F4283B3C8D004CBC16 /* Release */ = {
=======
		BA8D8545283D7844004CBC16 /* Release */ = {
>>>>>>> 2ef088c (Initial Commit)
			isa = XCBuildConfiguration;
			buildSettings = {
				ASSETCATALOG_COMPILER_APPICON_NAME = AppIcon;
				ASSETCATALOG_COMPILER_GLOBAL_ACCENT_COLOR_NAME = AccentColor;
				CODE_SIGN_STYLE = Automatic;
				CURRENT_PROJECT_VERSION = 1;
				DEVELOPMENT_TEAM = EH553VET9L;
				GENERATE_INFOPLIST_FILE = YES;
				INFOPLIST_FILE = PetMeet/Info.plist;
				INFOPLIST_KEY_UIApplicationSupportsIndirectInputEvents = YES;
				INFOPLIST_KEY_UILaunchStoryboardName = LaunchScreen;
				INFOPLIST_KEY_UIMainStoryboardFile = Main;
				INFOPLIST_KEY_UISupportedInterfaceOrientations_iPad = "UIInterfaceOrientationPortrait UIInterfaceOrientationPortraitUpsideDown UIInterfaceOrientationLandscapeLeft UIInterfaceOrientationLandscapeRight";
				INFOPLIST_KEY_UISupportedInterfaceOrientations_iPhone = "UIInterfaceOrientationPortrait UIInterfaceOrientationLandscapeLeft UIInterfaceOrientationLandscapeRight";
				LD_RUNPATH_SEARCH_PATHS = (
					"$(inherited)",
					"@executable_path/Frameworks",
				);
				MARKETING_VERSION = 1.0;
				PRODUCT_BUNDLE_IDENTIFIER = "henry-bao.PetMeet";
				PRODUCT_NAME = "$(TARGET_NAME)";
				SWIFT_EMIT_LOC_STRINGS = YES;
				SWIFT_VERSION = 5.0;
				TARGETED_DEVICE_FAMILY = "1,2";
			};
			name = Release;
		};
/* End XCBuildConfiguration section */

/* Begin XCConfigurationList section */
<<<<<<< HEAD
		BA8D84D9283B3C8C004CBC16 /* Build configuration list for PBXProject "PetMeet" */ = {
			isa = XCConfigurationList;
			buildConfigurations = (
				BA8D84F0283B3C8D004CBC16 /* Debug */,
				BA8D84F1283B3C8D004CBC16 /* Release */,
=======
		BA8D852A283D7844004CBC16 /* Build configuration list for PBXProject "PetMeet" */ = {
			isa = XCConfigurationList;
			buildConfigurations = (
				BA8D8541283D7844004CBC16 /* Debug */,
				BA8D8542283D7844004CBC16 /* Release */,
>>>>>>> 2ef088c (Initial Commit)
			);
			defaultConfigurationIsVisible = 0;
			defaultConfigurationName = Release;
		};
<<<<<<< HEAD
		BA8D84F2283B3C8D004CBC16 /* Build configuration list for PBXNativeTarget "PetMeet" */ = {
			isa = XCConfigurationList;
			buildConfigurations = (
				BA8D84F3283B3C8D004CBC16 /* Debug */,
				BA8D84F4283B3C8D004CBC16 /* Release */,
=======
		BA8D8543283D7844004CBC16 /* Build configuration list for PBXNativeTarget "PetMeet" */ = {
			isa = XCConfigurationList;
			buildConfigurations = (
				BA8D8544283D7844004CBC16 /* Debug */,
				BA8D8545283D7844004CBC16 /* Release */,
>>>>>>> 2ef088c (Initial Commit)
			);
			defaultConfigurationIsVisible = 0;
			defaultConfigurationName = Release;
		};
/* End XCConfigurationList section */
<<<<<<< HEAD

/* Begin XCRemoteSwiftPackageReference section */
		BA8D84F5283B3CD4004CBC16 /* XCRemoteSwiftPackageReference "firebase-ios-sdk" */ = {
			isa = XCRemoteSwiftPackageReference;
			repositoryURL = "https://github.com/firebase/firebase-ios-sdk";
			requirement = {
				kind = upToNextMajorVersion;
				minimumVersion = 9.0.0;
			};
		};
		BA8D8502283B4036004CBC16 /* XCRemoteSwiftPackageReference "GoogleSignIn-iOS" */ = {
			isa = XCRemoteSwiftPackageReference;
			repositoryURL = "https://github.com/google/GoogleSignIn-iOS.git";
			requirement = {
				kind = upToNextMajorVersion;
				minimumVersion = 6.0.0;
			};
		};
/* End XCRemoteSwiftPackageReference section */

/* Begin XCSwiftPackageProductDependency section */
		BA8D84F6283B3CD4004CBC16 /* FirebaseAnalytics */ = {
			isa = XCSwiftPackageProductDependency;
			package = BA8D84F5283B3CD4004CBC16 /* XCRemoteSwiftPackageReference "firebase-ios-sdk" */;
			productName = FirebaseAnalytics;
		};
		BA8D84F8283B3CD4004CBC16 /* FirebaseAuth */ = {
			isa = XCSwiftPackageProductDependency;
			package = BA8D84F5283B3CD4004CBC16 /* XCRemoteSwiftPackageReference "firebase-ios-sdk" */;
			productName = FirebaseAuth;
		};
		BA8D84FA283B3CD4004CBC16 /* FirebaseFirestore */ = {
			isa = XCSwiftPackageProductDependency;
			package = BA8D84F5283B3CD4004CBC16 /* XCRemoteSwiftPackageReference "firebase-ios-sdk" */;
			productName = FirebaseFirestore;
		};
		BA8D84FC283B3CD4004CBC16 /* FirebaseStorage */ = {
			isa = XCSwiftPackageProductDependency;
			package = BA8D84F5283B3CD4004CBC16 /* XCRemoteSwiftPackageReference "firebase-ios-sdk" */;
			productName = FirebaseStorage;
		};
		BA8D8503283B4036004CBC16 /* GoogleSignIn */ = {
			isa = XCSwiftPackageProductDependency;
			package = BA8D8502283B4036004CBC16 /* XCRemoteSwiftPackageReference "GoogleSignIn-iOS" */;
			productName = GoogleSignIn;
		};
/* End XCSwiftPackageProductDependency section */
	};
	rootObject = BA8D84D6283B3C8C004CBC16 /* Project object */;
=======
	};
	rootObject = BA8D8527283D7844004CBC16 /* Project object */;
>>>>>>> 2ef088c (Initial Commit)
}
